
Microsoft Visual Studio Solution File, Format Version 12.00
# Visual Studio Version 17
VisualStudioVersion = 17.11.35327.3
MinimumVisualStudioVersion = 10.0.40219.1
Project("{9A19103F-16F7-4668-BE54-9A1E7A4F7556}") = "LibreTranslate.Net", "LibreTranslate.Net\LibreTranslate.Net.csproj", "{3B89780B-83F4-4CF6-91AA-6184345E57CE}"
EndProject
Project("{9A19103F-16F7-4668-BE54-9A1E7A4F7556}") = "Translation.Workers", "Translation.Workers\Translation.Workers.csproj", "{BCF8CB4C-062B-4AA1-9C1B-5FD95F690FA2}"
EndProject
Project("{FAE04EC0-301F-11D3-BF4B-00C04F79EFBC}") = "MiAmigas.ClientUI.Web", "MiAmigas.ClientUI.Web\MiAmigas.ClientUI.Web.csproj", "{B1E09801-22BA-47A9-8DE3-27E5472A8F0B}"
EndProject
Project("{FAE04EC0-301F-11D3-BF4B-00C04F79EFBC}") = "MiAmigas.ClientUI.Mobile", "MiAmigas.ClientUI.Mobile\MiAmigas.ClientUI.Mobile.csproj", "{F930E744-824C-4884-8166-2C01F7482C9B}"
EndProject
Global
	GlobalSection(SolutionConfigurationPlatforms) = preSolution
		Debug|Any CPU = Debug|Any CPU
		Release|Any CPU = Release|Any CPU
	EndGlobalSection
	GlobalSection(ProjectConfigurationPlatforms) = postSolution
		{3B89780B-83F4-4CF6-91AA-6184345E57CE}.Debug|Any CPU.ActiveCfg = Debug|Any CPU
		{3B89780B-83F4-4CF6-91AA-6184345E57CE}.Debug|Any CPU.Build.0 = Debug|Any CPU
		{3B89780B-83F4-4CF6-91AA-6184345E57CE}.Release|Any CPU.ActiveCfg = Release|Any CPU
		{3B89780B-83F4-4CF6-91AA-6184345E57CE}.Release|Any CPU.Build.0 = Release|Any CPU
		{BCF8CB4C-062B-4AA1-9C1B-5FD95F690FA2}.Debug|Any CPU.ActiveCfg = Debug|Any CPU
		{BCF8CB4C-062B-4AA1-9C1B-5FD95F690FA2}.Debug|Any CPU.Build.0 = Debug|Any CPU
		{BCF8CB4C-062B-4AA1-9C1B-5FD95F690FA2}.Release|Any CPU.ActiveCfg = Release|Any CPU
		{BCF8CB4C-062B-4AA1-9C1B-5FD95F690FA2}.Release|Any CPU.Build.0 = Release|Any CPU
		{B1E09801-22BA-47A9-8DE3-27E5472A8F0B}.Debug|Any CPU.ActiveCfg = Debug|Any CPU
		{B1E09801-22BA-47A9-8DE3-27E5472A8F0B}.Debug|Any CPU.Build.0 = Debug|Any CPU
		{B1E09801-22BA-47A9-8DE3-27E5472A8F0B}.Release|Any CPU.ActiveCfg = Release|Any CPU
		{B1E09801-22BA-47A9-8DE3-27E5472A8F0B}.Release|Any CPU.Build.0 = Release|Any CPU
		{F930E744-824C-4884-8166-2C01F7482C9B}.Debug|Any CPU.ActiveCfg = Debug|Any CPU
		{F930E744-824C-4884-8166-2C01F7482C9B}.Debug|Any CPU.Build.0 = Debug|Any CPU
		{F930E744-824C-4884-8166-2C01F7482C9B}.Debug|Any CPU.Deploy.0 = Debug|Any CPU
		{F930E744-824C-4884-8166-2C01F7482C9B}.Release|Any CPU.ActiveCfg = Release|Any CPU
		{F930E744-824C-4884-8166-2C01F7482C9B}.Release|Any CPU.Build.0 = Release|Any CPU
		{F930E744-824C-4884-8166-2C01F7482C9B}.Release|Any CPU.Deploy.0 = Release|Any CPU
	EndGlobalSection
	GlobalSection(SolutionProperties) = preSolution
		HideSolutionNode = FALSE
	EndGlobalSection
	GlobalSection(ExtensibilityGlobals) = postSolution
		SolutionGuid = {E990FD91-512C-4699-9433-3DEA4454F86B}
	EndGlobalSection
EndGlobal
